
Microsoft Visual Studio Solution File, Format Version 12.00
# Visual Studio Version 16
VisualStudioVersion = 16.0.29318.209
MinimumVisualStudioVersion = 10.0.40219.1
Project("{FAE04EC0-301F-11D3-BF4B-00C04F79EFBC}") = "Scheduler_Adapter", "Scheduler_Adapter\Scheduler_Adapter.csproj", "{B3EDB77A-0618-452F-AB7D-8D033BC41996}"
EndProject
Project("{FAE04EC0-301F-11D3-BF4B-00C04F79EFBC}") = "Scheduler_Engine", "Scheduler_Engine\Scheduler_Engine.csproj", "{10B83FFF-7606-425D-83BD-86FDFD4DB542}"
EndProject
Project("{FAE04EC0-301F-11D3-BF4B-00C04F79EFBC}") = "Scheduler_oM", "Scheduler_oM\Scheduler_oM.csproj", "{0CFB92AF-7449-475D-B70B-874208971215}"
EndProject
Global
	GlobalSection(SolutionConfigurationPlatforms) = preSolution
		Debug|Any CPU = Debug|Any CPU
		Release|Any CPU = Release|Any CPU
	EndGlobalSection
	GlobalSection(ProjectConfigurationPlatforms) = postSolution
		{B3EDB77A-0618-452F-AB7D-8D033BC41996}.Debug|Any CPU.ActiveCfg = Debug|Any CPU
		{B3EDB77A-0618-452F-AB7D-8D033BC41996}.Debug|Any CPU.Build.0 = Debug|Any CPU
		{B3EDB77A-0618-452F-AB7D-8D033BC41996}.Release|Any CPU.ActiveCfg = Release|Any CPU
		{B3EDB77A-0618-452F-AB7D-8D033BC41996}.Release|Any CPU.Build.0 = Release|Any CPU
		{10B83FFF-7606-425D-83BD-86FDFD4DB542}.Debug|Any CPU.ActiveCfg = Debug|Any CPU
		{10B83FFF-7606-425D-83BD-86FDFD4DB542}.Debug|Any CPU.Build.0 = Debug|Any CPU
		{10B83FFF-7606-425D-83BD-86FDFD4DB542}.Release|Any CPU.ActiveCfg = Release|Any CPU
		{10B83FFF-7606-425D-83BD-86FDFD4DB542}.Release|Any CPU.Build.0 = Release|Any CPU
		{0CFB92AF-7449-475D-B70B-874208971215}.Debug|Any CPU.ActiveCfg = Debug|Any CPU
		{0CFB92AF-7449-475D-B70B-874208971215}.Debug|Any CPU.Build.0 = Debug|Any CPU
		{0CFB92AF-7449-475D-B70B-874208971215}.Release|Any CPU.ActiveCfg = Release|Any CPU
		{0CFB92AF-7449-475D-B70B-874208971215}.Release|Any CPU.Build.0 = Release|Any CPU
	EndGlobalSection
	GlobalSection(SolutionProperties) = preSolution
		HideSolutionNode = FALSE
	EndGlobalSection
	GlobalSection(ExtensibilityGlobals) = postSolution
		SolutionGuid = {ECBDCBBC-07AD-4345-9C28-09D08FF03212}
	EndGlobalSection
EndGlobal
